
Microsoft Visual Studio Solution File, Format Version 12.00
# Visual Studio Version 17
VisualStudioVersion = 17.4.33110.190
MinimumVisualStudioVersion = 10.0.40219.1
Project("{8BC9CEB8-8B4A-11D0-8D11-00A0C91BC942}") = "WindowProgrammin2018FinalTerm", "WindowProgrammin2018FinalTerm\WindowProgrammin2018FinalTerm.vcxproj", "{A94BA7C8-0DE1-4704-819B-0DA25E42C429}"
EndProject
Project("{8BC9CEB8-8B4A-11D0-8D11-00A0C91BC942}") = "Project1", "..\서버(임시)\Project1\Project1\Project1.vcxproj", "{FC36A269-0A38-496B-91E5-DC558CA900FE}"
EndProject
Global
	GlobalSection(SolutionConfigurationPlatforms) = preSolution
		Debug|x64 = Debug|x64
		Debug|x86 = Debug|x86
		Release|x64 = Release|x64
		Release|x86 = Release|x86
	EndGlobalSection
	GlobalSection(ProjectConfigurationPlatforms) = postSolution
		{A94BA7C8-0DE1-4704-819B-0DA25E42C429}.Debug|x64.ActiveCfg = Debug|x64
		{A94BA7C8-0DE1-4704-819B-0DA25E42C429}.Debug|x64.Build.0 = Debug|x64
		{A94BA7C8-0DE1-4704-819B-0DA25E42C429}.Debug|x86.ActiveCfg = Debug|Win32
		{A94BA7C8-0DE1-4704-819B-0DA25E42C429}.Debug|x86.Build.0 = Debug|Win32
		{A94BA7C8-0DE1-4704-819B-0DA25E42C429}.Release|x64.ActiveCfg = Release|x64
		{A94BA7C8-0DE1-4704-819B-0DA25E42C429}.Release|x64.Build.0 = Release|x64
		{A94BA7C8-0DE1-4704-819B-0DA25E42C429}.Release|x86.ActiveCfg = Release|Win32
		{A94BA7C8-0DE1-4704-819B-0DA25E42C429}.Release|x86.Build.0 = Release|Win32
		{FC36A269-0A38-496B-91E5-DC558CA900FE}.Debug|x64.ActiveCfg = Debug|x64
		{FC36A269-0A38-496B-91E5-DC558CA900FE}.Debug|x64.Build.0 = Debug|x64
		{FC36A269-0A38-496B-91E5-DC558CA900FE}.Debug|x86.ActiveCfg = Debug|Win32
		{FC36A269-0A38-496B-91E5-DC558CA900FE}.Debug|x86.Build.0 = Debug|Win32
		{FC36A269-0A38-496B-91E5-DC558CA900FE}.Release|x64.ActiveCfg = Release|x64
		{FC36A269-0A38-496B-91E5-DC558CA900FE}.Release|x64.Build.0 = Release|x64
		{FC36A269-0A38-496B-91E5-DC558CA900FE}.Release|x86.ActiveCfg = Release|Win32
		{FC36A269-0A38-496B-91E5-DC558CA900FE}.Release|x86.Build.0 = Release|Win32
	EndGlobalSection
	GlobalSection(SolutionProperties) = preSolution
		HideSolutionNode = FALSE
	EndGlobalSection
	GlobalSection(ExtensibilityGlobals) = postSolution
		SolutionGuid = {4B4F6589-85F2-4B17-850E-5CD6A9DCAB9F}
	EndGlobalSection
EndGlobal
